// !$*UTF8*$!
{
	archiveVersion = 1;
	classes = {
	};
	objectVersion = 48;
	objects = {

/* Begin PBXBuildFile section */
		83A24B111F87796F00C8DB71 /* AppDelegate.swift in Sources */ = {isa = PBXBuildFile; fileRef = 83A24B101F87796F00C8DB71 /* AppDelegate.swift */; };
		83A24B131F87796F00C8DB71 /* ViewController.swift in Sources */ = {isa = PBXBuildFile; fileRef = 83A24B121F87796F00C8DB71 /* ViewController.swift */; };
		83A24B161F87796F00C8DB71 /* Main.storyboard in Resources */ = {isa = PBXBuildFile; fileRef = 83A24B141F87796F00C8DB71 /* Main.storyboard */; };
		83A24B181F87796F00C8DB71 /* Assets.xcassets in Resources */ = {isa = PBXBuildFile; fileRef = 83A24B171F87796F00C8DB71 /* Assets.xcassets */; };
		83A24B1B1F87796F00C8DB71 /* LaunchScreen.storyboard in Resources */ = {isa = PBXBuildFile; fileRef = 83A24B191F87796F00C8DB71 /* LaunchScreen.storyboard */; };
		D80727A3E1BD104433C258DE /* Pods_SplunkMintTest.framework in Frameworks */ = {isa = PBXBuildFile; fileRef = 6610F6A4C4DE90B590C5194F /* Pods_SplunkMintTest.framework */; };
/* End PBXBuildFile section */

/* Begin PBXFileReference section */
		3E93D88FA75A7F65BDF23162 /* Pods-SplunkMintTest.release.xcconfig */ = {isa = PBXFileReference; includeInIndex = 1; lastKnownFileType = text.xcconfig; name = "Pods-SplunkMintTest.release.xcconfig"; path = "Pods/Target Support Files/Pods-SplunkMintTest/Pods-SplunkMintTest.release.xcconfig"; sourceTree = "<group>"; };
		6610F6A4C4DE90B590C5194F /* Pods_SplunkMintTest.framework */ = {isa = PBXFileReference; explicitFileType = wrapper.framework; includeInIndex = 0; path = Pods_SplunkMintTest.framework; sourceTree = BUILT_PRODUCTS_DIR; };
		83A24B0D1F87796F00C8DB71 /* SplunkMintTest.app */ = {isa = PBXFileReference; explicitFileType = wrapper.application; includeInIndex = 0; path = SplunkMintTest.app; sourceTree = BUILT_PRODUCTS_DIR; };
		83A24B101F87796F00C8DB71 /* AppDelegate.swift */ = {isa = PBXFileReference; lastKnownFileType = sourcecode.swift; path = AppDelegate.swift; sourceTree = "<group>"; };
		83A24B121F87796F00C8DB71 /* ViewController.swift */ = {isa = PBXFileReference; lastKnownFileType = sourcecode.swift; path = ViewController.swift; sourceTree = "<group>"; };
		83A24B151F87796F00C8DB71 /* Base */ = {isa = PBXFileReference; lastKnownFileType = file.storyboard; name = Base; path = Base.lproj/Main.storyboard; sourceTree = "<group>"; };
		83A24B171F87796F00C8DB71 /* Assets.xcassets */ = {isa = PBXFileReference; lastKnownFileType = folder.assetcatalog; path = Assets.xcassets; sourceTree = "<group>"; };
		83A24B1A1F87796F00C8DB71 /* Base */ = {isa = PBXFileReference; lastKnownFileType = file.storyboard; name = Base; path = Base.lproj/LaunchScreen.storyboard; sourceTree = "<group>"; };
		83A24B1C1F87796F00C8DB71 /* Info.plist */ = {isa = PBXFileReference; lastKnownFileType = text.plist.xml; path = Info.plist; sourceTree = "<group>"; };
		CE7DD008B304701DD3793B7F /* Pods-SplunkMintTest.debug.xcconfig */ = {isa = PBXFileReference; includeInIndex = 1; lastKnownFileType = text.xcconfig; name = "Pods-SplunkMintTest.debug.xcconfig"; path = "Pods/Target Support Files/Pods-SplunkMintTest/Pods-SplunkMintTest.debug.xcconfig"; sourceTree = "<group>"; };
/* End PBXFileReference section */

/* Begin PBXFrameworksBuildPhase section */
		83A24B0A1F87796F00C8DB71 /* Frameworks */ = {
			isa = PBXFrameworksBuildPhase;
			buildActionMask = 2147483647;
			files = (
				D80727A3E1BD104433C258DE /* Pods_SplunkMintTest.framework in Frameworks */,
			);
			runOnlyForDeploymentPostprocessing = 0;
		};
/* End PBXFrameworksBuildPhase section */

/* Begin PBXGroup section */
		83A24B041F87796F00C8DB71 = {
			isa = PBXGroup;
			children = (
				83A24B0F1F87796F00C8DB71 /* SplunkMintTest */,
				83A24B0E1F87796F00C8DB71 /* Products */,
				CD138ECC79772EA0C3DA9BED /* Pods */,
				FB83B993027A388ADADEA85B /* Frameworks */,
			);
			sourceTree = "<group>";
		};
		83A24B0E1F87796F00C8DB71 /* Products */ = {
			isa = PBXGroup;
			children = (
				83A24B0D1F87796F00C8DB71 /* SplunkMintTest.app */,
			);
			name = Products;
			sourceTree = "<group>";
		};
		83A24B0F1F87796F00C8DB71 /* SplunkMintTest */ = {
			isa = PBXGroup;
			children = (
				83A24B101F87796F00C8DB71 /* AppDelegate.swift */,
				83A24B121F87796F00C8DB71 /* ViewController.swift */,
				83A24B141F87796F00C8DB71 /* Main.storyboard */,
				83A24B171F87796F00C8DB71 /* Assets.xcassets */,
				83A24B191F87796F00C8DB71 /* LaunchScreen.storyboard */,
				83A24B1C1F87796F00C8DB71 /* Info.plist */,
			);
			path = SplunkMintTest;
			sourceTree = "<group>";
		};
		CD138ECC79772EA0C3DA9BED /* Pods */ = {
			isa = PBXGroup;
			children = (
				CE7DD008B304701DD3793B7F /* Pods-SplunkMintTest.debug.xcconfig */,
				3E93D88FA75A7F65BDF23162 /* Pods-SplunkMintTest.release.xcconfig */,
			);
			name = Pods;
			sourceTree = "<group>";
		};
		FB83B993027A388ADADEA85B /* Frameworks */ = {
			isa = PBXGroup;
			children = (
				6610F6A4C4DE90B590C5194F /* Pods_SplunkMintTest.framework */,
			);
			name = Frameworks;
			sourceTree = "<group>";
		};
/* End PBXGroup section */

/* Begin PBXNativeTarget section */
		83A24B0C1F87796F00C8DB71 /* SplunkMintTest */ = {
			isa = PBXNativeTarget;
			buildConfigurationList = 83A24B1F1F87796F00C8DB71 /* Build configuration list for PBXNativeTarget "SplunkMintTest" */;
			buildPhases = (
				59F76E5D61FCF63983349482 /* [CP] Check Pods Manifest.lock */,
				83A24B091F87796F00C8DB71 /* Sources */,
				83A24B0A1F87796F00C8DB71 /* Frameworks */,
				83A24B0B1F87796F00C8DB71 /* Resources */,
				B085FFC798912CD38758AB3C /* [CP] Embed Pods Frameworks */,
				4FABA0F189A47B418C0DAB06 /* [CP] Copy Pods Resources */,
				83B8B4FD1F877DB700EFF609 /* ShellScript */,
			);
			buildRules = (
			);
			dependencies = (
			);
			name = SplunkMintTest;
			productName = SplunkMintTest;
			productReference = 83A24B0D1F87796F00C8DB71 /* SplunkMintTest.app */;
			productType = "com.apple.product-type.application";
		};
/* End PBXNativeTarget section */

/* Begin PBXProject section */
		83A24B051F87796F00C8DB71 /* Project object */ = {
			isa = PBXProject;
			attributes = {
				LastSwiftUpdateCheck = 0900;
				LastUpgradeCheck = 0900;
				ORGANIZATIONNAME = "Keith Stephens";
				TargetAttributes = {
					83A24B0C1F87796F00C8DB71 = {
						CreatedOnToolsVersion = 9.0;
						ProvisioningStyle = Automatic;
					};
				};
			};
			buildConfigurationList = 83A24B081F87796F00C8DB71 /* Build configuration list for PBXProject "SplunkMintTest" */;
			compatibilityVersion = "Xcode 8.0";
			developmentRegion = en;
			hasScannedForEncodings = 0;
			knownRegions = (
				en,
				Base,
			);
			mainGroup = 83A24B041F87796F00C8DB71;
			productRefGroup = 83A24B0E1F87796F00C8DB71 /* Products */;
			projectDirPath = "";
			projectRoot = "";
			targets = (
				83A24B0C1F87796F00C8DB71 /* SplunkMintTest */,
			);
		};
/* End PBXProject section */

/* Begin PBXResourcesBuildPhase section */
		83A24B0B1F87796F00C8DB71 /* Resources */ = {
			isa = PBXResourcesBuildPhase;
			buildActionMask = 2147483647;
			files = (
				83A24B1B1F87796F00C8DB71 /* LaunchScreen.storyboard in Resources */,
				83A24B181F87796F00C8DB71 /* Assets.xcassets in Resources */,
				83A24B161F87796F00C8DB71 /* Main.storyboard in Resources */,
			);
			runOnlyForDeploymentPostprocessing = 0;
		};
/* End PBXResourcesBuildPhase section */

/* Begin PBXShellScriptBuildPhase section */
		4FABA0F189A47B418C0DAB06 /* [CP] Copy Pods Resources */ = {
			isa = PBXShellScriptBuildPhase;
			buildActionMask = 2147483647;
			files = (
			);
			inputPaths = (
			);
			name = "[CP] Copy Pods Resources";
			outputPaths = (
			);
			runOnlyForDeploymentPostprocessing = 0;
			shellPath = /bin/sh;
			shellScript = "\"${SRCROOT}/Pods/Target Support Files/Pods-SplunkMintTest/Pods-SplunkMintTest-resources.sh\"\n";
			showEnvVarsInLog = 0;
		};
		59F76E5D61FCF63983349482 /* [CP] Check Pods Manifest.lock */ = {
			isa = PBXShellScriptBuildPhase;
			buildActionMask = 2147483647;
			files = (
			);
			inputPaths = (
				"${PODS_PODFILE_DIR_PATH}/Podfile.lock",
				"${PODS_ROOT}/Manifest.lock",
			);
			name = "[CP] Check Pods Manifest.lock";
			outputPaths = (
				"$(DERIVED_FILE_DIR)/Pods-SplunkMintTest-checkManifestLockResult.txt",
			);
			runOnlyForDeploymentPostprocessing = 0;
			shellPath = /bin/sh;
			shellScript = "diff \"${PODS_PODFILE_DIR_PATH}/Podfile.lock\" \"${PODS_ROOT}/Manifest.lock\" > /dev/null\nif [ $? != 0 ] ; then\n    # print error to STDERR\n    echo \"error: The sandbox is not in sync with the Podfile.lock. Run 'pod install' or update your CocoaPods installation.\" >&2\n    exit 1\nfi\n# This output is used by Xcode 'outputs' to avoid re-running this script phase.\necho \"SUCCESS\" > \"${SCRIPT_OUTPUT_FILE_0}\"\n";
			showEnvVarsInLog = 0;
		};
		83B8B4FD1F877DB700EFF609 /* ShellScript */ = {
			isa = PBXShellScriptBuildPhase;
			buildActionMask = 2147483647;
			files = (
			);
			inputPaths = (
			);
			outputPaths = (
			);
			runOnlyForDeploymentPostprocessing = 0;
			shellPath = /bin/sh;
			shellScript = "SCRIPT=`/usr/bin/find \"${SRCROOT}\" -name splunkmint_postbuild_dsym_upload_script.sh | head -n 1`\n\n/bin/bash \"${SCRIPT}\" \"9d23e112\" \"11d2b8fe82f39c9a1a8a95a\" -f";
		};
		B085FFC798912CD38758AB3C /* [CP] Embed Pods Frameworks */ = {
			isa = PBXShellScriptBuildPhase;
			buildActionMask = 2147483647;
			files = (
			);
			inputPaths = (
			);
			name = "[CP] Embed Pods Frameworks";
			outputPaths = (
			);
			runOnlyForDeploymentPostprocessing = 0;
			shellPath = /bin/sh;
			shellScript = "\"${SRCROOT}/Pods/Target Support Files/Pods-SplunkMintTest/Pods-SplunkMintTest-frameworks.sh\"\n";
			showEnvVarsInLog = 0;
		};
/* End PBXShellScriptBuildPhase section */

/* Begin PBXSourcesBuildPhase section */
		83A24B091F87796F00C8DB71 /* Sources */ = {
			isa = PBXSourcesBuildPhase;
			buildActionMask = 2147483647;
			files = (
				83A24B131F87796F00C8DB71 /* ViewController.swift in Sources */,
				83A24B111F87796F00C8DB71 /* AppDelegate.swift in Sources */,
			);
			runOnlyForDeploymentPostprocessing = 0;
		};
/* End PBXSourcesBuildPhase section */

/* Begin PBXVariantGroup section */
		83A24B141F87796F00C8DB71 /* Main.storyboard */ = {
			isa = PBXVariantGroup;
			children = (
				83A24B151F87796F00C8DB71 /* Base */,
			);
			name = Main.storyboard;
			sourceTree = "<group>";
		};
		83A24B191F87796F00C8DB71 /* LaunchScreen.storyboard */ = {
			isa = PBXVariantGroup;
			children = (
				83A24B1A1F87796F00C8DB71 /* Base */,
			);
			name = LaunchScreen.storyboard;
			sourceTree = "<group>";
		};
/* End PBXVariantGroup section */

/* Begin XCBuildConfiguration section */
		83A24B1D1F87796F00C8DB71 /* Debug */ = {
			isa = XCBuildConfiguration;
			buildSettings = {
				ALWAYS_SEARCH_USER_PATHS = NO;
				CLANG_ANALYZER_NONNULL = YES;
				CLANG_ANALYZER_NUMBER_OBJECT_CONVERSION = YES_AGGRESSIVE;
				CLANG_CXX_LANGUAGE_STANDARD = "gnu++14";
				CLANG_CXX_LIBRARY = "libc++";
				CLANG_ENABLE_MODULES = YES;
				CLANG_ENABLE_OBJC_ARC = YES;
				CLANG_WARN_BLOCK_CAPTURE_AUTORELEASING = YES;
				CLANG_WARN_BOOL_CONVERSION = YES;
				CLANG_WARN_COMMA = YES;
				CLANG_WARN_CONSTANT_CONVERSION = YES;
				CLANG_WARN_DIRECT_OBJC_ISA_USAGE = YES_ERROR;
				CLANG_WARN_DOCUMENTATION_COMMENTS = YES;
				CLANG_WARN_EMPTY_BODY = YES;
				CLANG_WARN_ENUM_CONVERSION = YES;
				CLANG_WARN_INFINITE_RECURSION = YES;
				CLANG_WARN_INT_CONVERSION = YES;
				CLANG_WARN_NON_LITERAL_NULL_CONVERSION = YES;
				CLANG_WARN_OBJC_LITERAL_CONVERSION = YES;
				CLANG_WARN_OBJC_ROOT_CLASS = YES_ERROR;
				CLANG_WARN_RANGE_LOOP_ANALYSIS = YES;
				CLANG_WARN_STRICT_PROTOTYPES = YES;
				CLANG_WARN_SUSPICIOUS_MOVE = YES;
				CLANG_WARN_UNGUARDED_AVAILABILITY = YES_AGGRESSIVE;
				CLANG_WARN_UNREACHABLE_CODE = YES;
				CLANG_WARN__DUPLICATE_METHOD_MATCH = YES;
				CODE_SIGN_IDENTITY = "iPhone Developer";
				COPY_PHASE_STRIP = NO;
				DEBUG_INFORMATION_FORMAT = dwarf;
				ENABLE_STRICT_OBJC_MSGSEND = YES;
				ENABLE_TESTABILITY = YES;
				GCC_C_LANGUAGE_STANDARD = gnu11;
				GCC_DYNAMIC_NO_PIC = NO;
				GCC_NO_COMMON_BLOCKS = YES;
				GCC_OPTIMIZATION_LEVEL = 0;
				GCC_PREPROCESSOR_DEFINITIONS = (
					"DEBUG=1",
					"$(inherited)",
				);
				GCC_WARN_64_TO_32_BIT_CONVERSION = YES;
				GCC_WARN_ABOUT_RETURN_TYPE = YES_ERROR;
				GCC_WARN_UNDECLARED_SELECTOR = YES;
				GCC_WARN_UNINITIALIZED_AUTOS = YES_AGGRESSIVE;
				GCC_WARN_UNUSED_FUNCTION = YES;
				GCC_WARN_UNUSED_VARIABLE = YES;
				IPHONEOS_DEPLOYMENT_TARGET = 11.0;
				MTL_ENABLE_DEBUG_INFO = YES;
				ONLY_ACTIVE_ARCH = YES;
				SDKROOT = iphoneos;
				SWIFT_ACTIVE_COMPILATION_CONDITIONS = DEBUG;
				SWIFT_OPTIMIZATION_LEVEL = "-Onone";
			};
			name = Debug;
		};
		83A24B1E1F87796F00C8DB71 /* Release */ = {
			isa = XCBuildConfiguration;
			buildSettings = {
				ALWAYS_SEARCH_USER_PATHS = NO;
				CLANG_ANALYZER_NONNULL = YES;
				CLANG_ANALYZER_NUMBER_OBJECT_CONVERSION = YES_AGGRESSIVE;
				CLANG_CXX_LANGUAGE_STANDARD = "gnu++14";
				CLANG_CXX_LIBRARY = "libc++";
				CLANG_ENABLE_MODULES = YES;
				CLANG_ENABLE_OBJC_ARC = YES;
				CLANG_WARN_BLOCK_CAPTURE_AUTORELEASING = YES;
				CLANG_WARN_BOOL_CONVERSION = YES;
				CLANG_WARN_COMMA = YES;
				CLANG_WARN_CONSTANT_CONVERSION = YES;
				CLANG_WARN_DIRECT_OBJC_ISA_USAGE = YES_ERROR;
				CLANG_WARN_DOCUMENTATION_COMMENTS = YES;
				CLANG_WARN_EMPTY_BODY = YES;
				CLANG_WARN_ENUM_CONVERSION = YES;
				CLANG_WARN_INFINITE_RECURSION = YES;
				CLANG_WARN_INT_CONVERSION = YES;
				CLANG_WARN_NON_LITERAL_NULL_CONVERSION = YES;
				CLANG_WARN_OBJC_LITERAL_CONVERSION = YES;
				CLANG_WARN_OBJC_ROOT_CLASS = YES_ERROR;
				CLANG_WARN_RANGE_LOOP_ANALYSIS = YES;
				CLANG_WARN_STRICT_PROTOTYPES = YES;
				CLANG_WARN_SUSPICIOUS_MOVE = YES;
				CLANG_WARN_UNGUARDED_AVAILABILITY = YES_AGGRESSIVE;
				CLANG_WARN_UNREACHABLE_CODE = YES;
				CLANG_WARN__DUPLICATE_METHOD_MATCH = YES;
				CODE_SIGN_IDENTITY = "iPhone Developer";
				COPY_PHASE_STRIP = NO;
				DEBUG_INFORMATION_FORMAT = "dwarf-with-dsym";
				ENABLE_NS_ASSERTIONS = NO;
				ENABLE_STRICT_OBJC_MSGSEND = YES;
				GCC_C_LANGUAGE_STANDARD = gnu11;
				GCC_NO_COMMON_BLOCKS = YES;
				GCC_WARN_64_TO_32_BIT_CONVERSION = YES;
				GCC_WARN_ABOUT_RETURN_TYPE = YES_ERROR;
				GCC_WARN_UNDECLARED_SELECTOR = YES;
				GCC_WARN_UNINITIALIZED_AUTOS = YES_AGGRESSIVE;
				GCC_WARN_UNUSED_FUNCTION = YES;
				GCC_WARN_UNUSED_VARIABLE = YES;
				IPHONEOS_DEPLOYMENT_TARGET = 11.0;
				MTL_ENABLE_DEBUG_INFO = NO;
				SDKROOT = iphoneos;
				SWIFT_OPTIMIZATION_LEVEL = "-Owholemodule";
				VALIDATE_PRODUCT = YES;
			};
			name = Release;
		};
		83A24B201F87796F00C8DB71 /* Debug */ = {
			isa = XCBuildConfiguration;
			baseConfigurationReference = CE7DD008B304701DD3793B7F /* Pods-SplunkMintTest.debug.xcconfig */;
			buildSettings = {
				ASSETCATALOG_COMPILER_APPICON_NAME = AppIcon;
				CODE_SIGN_STYLE = Automatic;
				DEVELOPMENT_TEAM = L94N7U53UK;
				INFOPLIST_FILE = SplunkMintTest/Info.plist;
				LD_RUNPATH_SEARCH_PATHS = "$(inherited) @executable_path/Frameworks";
				PRODUCT_BUNDLE_IDENTIFIER = ctm.SplunkMintTest;
				PRODUCT_NAME = "$(TARGET_NAME)";
				STRIP_INSTALLED_PRODUCT = NO;
				SWIFT_VERSION = 4.0;
				TARGETED_DEVICE_FAMILY = "1,2";
			};
			name = Debug;
		};
		83A24B211F87796F00C8DB71 /* Release */ = {
			isa = XCBuildConfiguration;
			baseConfigurationReference = 3E93D88FA75A7F65BDF23162 /* Pods-SplunkMintTest.release.xcconfig */;
			buildSettings = {
				ASSETCATALOG_COMPILER_APPICON_NAME = AppIcon;
				CODE_SIGN_STYLE = Automatic;
				DEVELOPMENT_TEAM = L94N7U53UK;
				INFOPLIST_FILE = SplunkMintTest/Info.plist;
				LD_RUNPATH_SEARCH_PATHS = "$(inherited) @executable_path/Frameworks";
				PRODUCT_BUNDLE_IDENTIFIER = ctm.SplunkMintTest;
				PRODUCT_NAME = "$(TARGET_NAME)";
				STRIP_INSTALLED_PRODUCT = NO;
				SWIFT_VERSION = 4.0;
				TARGETED_DEVICE_FAMILY = "1,2";
			};
			name = Release;
		};
/* End XCBuildConfiguration section */

/* Begin XCConfigurationList section */
		83A24B081F87796F00C8DB71 /* Build configuration list for PBXProject "SplunkMintTest" */ = {
			isa = XCConfigurationList;
			buildConfigurations = (
				83A24B1D1F87796F00C8DB71 /* Debug */,
				83A24B1E1F87796F00C8DB71 /* Release */,
			);
			defaultConfigurationIsVisible = 0;
			defaultConfigurationName = Release;
		};
		83A24B1F1F87796F00C8DB71 /* Build configuration list for PBXNativeTarget "SplunkMintTest" */ = {
			isa = XCConfigurationList;
			buildConfigurations = (
				83A24B201F87796F00C8DB71 /* Debug */,
				83A24B211F87796F00C8DB71 /* Release */,
			);
			defaultConfigurationIsVisible = 0;
			defaultConfigurationName = Release;
		};
/* End XCConfigurationList section */
	};
	rootObject = 83A24B051F87796F00C8DB71 /* Project object */;
}
